// !$*UTF8*$!
{
	archiveVersion = 1;
	classes = {
	};
	objectVersion = 51;
	objects = {

/* Begin PBXBuildFile section */
		4A340C662253FECB0043E69D /* WordBoxImageView.swift in Sources */ = {isa = PBXBuildFile; fileRef = 4A340C652253FECB0043E69D /* WordBoxImageView.swift */; };
		4A42302E2271054F00B36D1A /* ColorPickerView.swift in Sources */ = {isa = PBXBuildFile; fileRef = 4A42302D2271054F00B36D1A /* ColorPickerView.swift */; };
		4A4230302271055F00B36D1A /* ColorPickerView.xib in Resources */ = {isa = PBXBuildFile; fileRef = 4A42302F2271055F00B36D1A /* ColorPickerView.xib */; };
		4A423032227201AF00B36D1A /* RotationSliderView.swift in Sources */ = {isa = PBXBuildFile; fileRef = 4A423031227201AE00B36D1A /* RotationSliderView.swift */; };
		4A423034227201BB00B36D1A /* RotationSliderView.xib in Resources */ = {isa = PBXBuildFile; fileRef = 4A423033227201BB00B36D1A /* RotationSliderView.xib */; };
		4A47BD7B2256E7AA008D4342 /* NewPageTableViewController.swift in Sources */ = {isa = PBXBuildFile; fileRef = 4A47BD7A2256E7AA008D4342 /* NewPageTableViewController.swift */; };
		4A4F774C2252B1320046C393 /* AppDelegate.swift in Sources */ = {isa = PBXBuildFile; fileRef = 4A4F774B2252B1320046C393 /* AppDelegate.swift */; };
		4A4F77512252B1320046C393 /* Main.storyboard in Resources */ = {isa = PBXBuildFile; fileRef = 4A4F774F2252B1320046C393 /* Main.storyboard */; };
		4A4F77532252B1330046C393 /* Assets.xcassets in Resources */ = {isa = PBXBuildFile; fileRef = 4A4F77522252B1330046C393 /* Assets.xcassets */; };
		4A4F77562252B1330046C393 /* LaunchScreen.storyboard in Resources */ = {isa = PBXBuildFile; fileRef = 4A4F77542252B1330046C393 /* LaunchScreen.storyboard */; };
		4A4F77612252B1330046C393 /* LunarReaderTests.swift in Sources */ = {isa = PBXBuildFile; fileRef = 4A4F77602252B1330046C393 /* LunarReaderTests.swift */; };
		4A4F776C2252B1330046C393 /* LunarReaderUITests.swift in Sources */ = {isa = PBXBuildFile; fileRef = 4A4F776B2252B1330046C393 /* LunarReaderUITests.swift */; };
		4A530E47226E49DB00013EDB /* DrawerNavigationController.swift in Sources */ = {isa = PBXBuildFile; fileRef = 4A530E46226E49DB00013EDB /* DrawerNavigationController.swift */; };
		4A530E49226F8ADB00013EDB /* ReaderViewController.swift in Sources */ = {isa = PBXBuildFile; fileRef = 4A530E48226F8ADB00013EDB /* ReaderViewController.swift */; };
		4A530E532270E45300013EDB /* LineWidthView.swift in Sources */ = {isa = PBXBuildFile; fileRef = 4A530E522270E45300013EDB /* LineWidthView.swift */; };
		4A530E572270E65A00013EDB /* LineWidthView.xib in Resources */ = {isa = PBXBuildFile; fileRef = 4A530E562270E65A00013EDB /* LineWidthView.xib */; };
		4A64E131225642FC00CE7A89 /* CameraView.swift in Sources */ = {isa = PBXBuildFile; fileRef = 4A64E130225642FC00CE7A89 /* CameraView.swift */; };
		4A6C5ED42266309A001F98C8 /* DrawerSegue.swift in Sources */ = {isa = PBXBuildFile; fileRef = 4A6C5ED32266309A001F98C8 /* DrawerSegue.swift */; };
		4A6C5ED62266679C001F98C8 /* DrawerUnwindSegue.swift in Sources */ = {isa = PBXBuildFile; fileRef = 4A6C5ED52266679C001F98C8 /* DrawerUnwindSegue.swift */; };
		4A8E488A2253A8FC009A373A /* WordBoxFinder.swift in Sources */ = {isa = PBXBuildFile; fileRef = 4A8E48892253A8FC009A373A /* WordBoxFinder.swift */; };
		4ADA98D42257D73300683BFC /* RenamePageTableViewController.swift in Sources */ = {isa = PBXBuildFile; fileRef = 4ADA98D32257D73300683BFC /* RenamePageTableViewController.swift */; };
		4ADA98D82259418200683BFC /* ChooseCollectionTableViewController.swift in Sources */ = {isa = PBXBuildFile; fileRef = 4ADA98D72259418200683BFC /* ChooseCollectionTableViewController.swift */; };
		4ADA98DA225A3D8A00683BFC /* Collection.swift in Sources */ = {isa = PBXBuildFile; fileRef = 4ADA98D9225A3D8A00683BFC /* Collection.swift */; };
		4ADA98DC225A3DDF00683BFC /* Page.swift in Sources */ = {isa = PBXBuildFile; fileRef = 4ADA98DB225A3DDF00683BFC /* Page.swift */; };
		4ADA98DE225A468000683BFC /* DataManager.swift in Sources */ = {isa = PBXBuildFile; fileRef = 4ADA98DD225A468000683BFC /* DataManager.swift */; };
		4ADA98E9225BB48D00683BFC /* TextFieldTableViewCell.swift in Sources */ = {isa = PBXBuildFile; fileRef = 4ADA98E7225BB48D00683BFC /* TextFieldTableViewCell.swift */; };
		4ADA98EA225BB48D00683BFC /* TextFieldTableViewCell.xib in Resources */ = {isa = PBXBuildFile; fileRef = 4ADA98E8225BB48D00683BFC /* TextFieldTableViewCell.xib */; };
		4AF9D7D5225E6C0300DB42D3 /* DrawerViewController.swift in Sources */ = {isa = PBXBuildFile; fileRef = 4AF9D7D4225E6C0200DB42D3 /* DrawerViewController.swift */; };
		4AF9D7D8225E6F6200DB42D3 /* DrawerTableViewCell.swift in Sources */ = {isa = PBXBuildFile; fileRef = 4AF9D7D6225E6F6200DB42D3 /* DrawerTableViewCell.swift */; };
		4AF9D7D9225E6F6200DB42D3 /* DrawerTableViewCell.xib in Resources */ = {isa = PBXBuildFile; fileRef = 4AF9D7D7225E6F6200DB42D3 /* DrawerTableViewCell.xib */; };
		4AF9D7E3225FC65500DB42D3 /* Notification+Name.swift in Sources */ = {isa = PBXBuildFile; fileRef = 4AF9D7E2225FC65500DB42D3 /* Notification+Name.swift */; };
		4AF9D7E52260045500DB42D3 /* DrawerDetailViewController.swift in Sources */ = {isa = PBXBuildFile; fileRef = 4AF9D7E42260045500DB42D3 /* DrawerDetailViewController.swift */; };
		4AFA7FFD225549A6006BA409 /* CameraViewController.swift in Sources */ = {isa = PBXBuildFile; fileRef = 4AFA7FFC225549A6006BA409 /* CameraViewController.swift */; };
		620CB6BB9397DBADA275486E /* Pods_LunarReaderUITests.framework in Frameworks */ = {isa = PBXBuildFile; fileRef = 1C6CD73E3FE372687FE8DC74 /* Pods_LunarReaderUITests.framework */; };
		8B50141ED83ACDAFEA60BC41 /* Pods_LunarReader.framework in Frameworks */ = {isa = PBXBuildFile; fileRef = 5AE7EA485EE7EED5A3CEE560 /* Pods_LunarReader.framework */; };
		A1BFFAC932C47A6E1D876451 /* Pods_LunarReaderTests.framework in Frameworks */ = {isa = PBXBuildFile; fileRef = 3B09D576313E81C7455322B7 /* Pods_LunarReaderTests.framework */; };
/* End PBXBuildFile section */

/* Begin PBXContainerItemProxy section */
		4A4F775D2252B1330046C393 /* PBXContainerItemProxy */ = {
			isa = PBXContainerItemProxy;
			containerPortal = 4A4F77402252B1310046C393 /* Project object */;
			proxyType = 1;
			remoteGlobalIDString = 4A4F77472252B1310046C393;
			remoteInfo = LunarReader;
		};
		4A4F77682252B1330046C393 /* PBXContainerItemProxy */ = {
			isa = PBXContainerItemProxy;
			containerPortal = 4A4F77402252B1310046C393 /* Project object */;
			proxyType = 1;
			remoteGlobalIDString = 4A4F77472252B1310046C393;
			remoteInfo = LunarReader;
		};
/* End PBXContainerItemProxy section */

/* Begin PBXFileReference section */
		1C6CD73E3FE372687FE8DC74 /* Pods_LunarReaderUITests.framework */ = {isa = PBXFileReference; explicitFileType = wrapper.framework; includeInIndex = 0; path = Pods_LunarReaderUITests.framework; sourceTree = BUILT_PRODUCTS_DIR; };
		3B09D576313E81C7455322B7 /* Pods_LunarReaderTests.framework */ = {isa = PBXFileReference; explicitFileType = wrapper.framework; includeInIndex = 0; path = Pods_LunarReaderTests.framework; sourceTree = BUILT_PRODUCTS_DIR; };
		3BAC8F131ECFAF3322478AFA /* Pods-LunarReader.release.xcconfig */ = {isa = PBXFileReference; includeInIndex = 1; lastKnownFileType = text.xcconfig; name = "Pods-LunarReader.release.xcconfig"; path = "Target Support Files/Pods-LunarReader/Pods-LunarReader.release.xcconfig"; sourceTree = "<group>"; };
		4A340C652253FECB0043E69D /* WordBoxImageView.swift */ = {isa = PBXFileReference; lastKnownFileType = sourcecode.swift; name = WordBoxImageView.swift; path = Views/WordBoxImageView.swift; sourceTree = "<group>"; };
		4A42302D2271054F00B36D1A /* ColorPickerView.swift */ = {isa = PBXFileReference; lastKnownFileType = sourcecode.swift; name = ColorPickerView.swift; path = Views/ColorPickerView.swift; sourceTree = "<group>"; };
		4A42302F2271055F00B36D1A /* ColorPickerView.xib */ = {isa = PBXFileReference; lastKnownFileType = file.xib; name = ColorPickerView.xib; path = Views/ColorPickerView.xib; sourceTree = "<group>"; };
		4A423031227201AE00B36D1A /* RotationSliderView.swift */ = {isa = PBXFileReference; lastKnownFileType = sourcecode.swift; name = RotationSliderView.swift; path = Views/RotationSliderView.swift; sourceTree = "<group>"; };
		4A423033227201BB00B36D1A /* RotationSliderView.xib */ = {isa = PBXFileReference; lastKnownFileType = file.xib; name = RotationSliderView.xib; path = Views/RotationSliderView.xib; sourceTree = "<group>"; };
		4A47BD7A2256E7AA008D4342 /* NewPageTableViewController.swift */ = {isa = PBXFileReference; lastKnownFileType = sourcecode.swift; name = NewPageTableViewController.swift; path = "View Controllers/NewPageTableViewController.swift"; sourceTree = "<group>"; };
		4A4F77482252B1320046C393 /* LunarReader.app */ = {isa = PBXFileReference; explicitFileType = wrapper.application; includeInIndex = 0; path = LunarReader.app; sourceTree = BUILT_PRODUCTS_DIR; };
		4A4F774B2252B1320046C393 /* AppDelegate.swift */ = {isa = PBXFileReference; lastKnownFileType = sourcecode.swift; path = AppDelegate.swift; sourceTree = "<group>"; };
		4A4F77502252B1320046C393 /* Base */ = {isa = PBXFileReference; lastKnownFileType = file.storyboard; name = Base; path = Base.lproj/Main.storyboard; sourceTree = "<group>"; };
		4A4F77522252B1330046C393 /* Assets.xcassets */ = {isa = PBXFileReference; lastKnownFileType = folder.assetcatalog; path = Assets.xcassets; sourceTree = "<group>"; };
		4A4F77552252B1330046C393 /* Base */ = {isa = PBXFileReference; lastKnownFileType = file.storyboard; name = Base; path = Base.lproj/LaunchScreen.storyboard; sourceTree = "<group>"; };
		4A4F77572252B1330046C393 /* Info.plist */ = {isa = PBXFileReference; lastKnownFileType = text.plist.xml; path = Info.plist; sourceTree = "<group>"; };
		4A4F775C2252B1330046C393 /* LunarReaderTests.xctest */ = {isa = PBXFileReference; explicitFileType = wrapper.cfbundle; includeInIndex = 0; path = LunarReaderTests.xctest; sourceTree = BUILT_PRODUCTS_DIR; };
		4A4F77602252B1330046C393 /* LunarReaderTests.swift */ = {isa = PBXFileReference; lastKnownFileType = sourcecode.swift; path = LunarReaderTests.swift; sourceTree = "<group>"; };
		4A4F77622252B1330046C393 /* Info.plist */ = {isa = PBXFileReference; lastKnownFileType = text.plist.xml; path = Info.plist; sourceTree = "<group>"; };
		4A4F77672252B1330046C393 /* LunarReaderUITests.xctest */ = {isa = PBXFileReference; explicitFileType = wrapper.cfbundle; includeInIndex = 0; path = LunarReaderUITests.xctest; sourceTree = BUILT_PRODUCTS_DIR; };
		4A4F776B2252B1330046C393 /* LunarReaderUITests.swift */ = {isa = PBXFileReference; lastKnownFileType = sourcecode.swift; path = LunarReaderUITests.swift; sourceTree = "<group>"; };
		4A4F776D2252B1330046C393 /* Info.plist */ = {isa = PBXFileReference; lastKnownFileType = text.plist.xml; path = Info.plist; sourceTree = "<group>"; };
		4A530E46226E49DB00013EDB /* DrawerNavigationController.swift */ = {isa = PBXFileReference; lastKnownFileType = sourcecode.swift; name = DrawerNavigationController.swift; path = "View Controllers/DrawerNavigationController.swift"; sourceTree = "<group>"; };
		4A530E48226F8ADB00013EDB /* ReaderViewController.swift */ = {isa = PBXFileReference; lastKnownFileType = sourcecode.swift; name = ReaderViewController.swift; path = "View Controllers/ReaderViewController.swift"; sourceTree = "<group>"; };
		4A530E522270E45300013EDB /* LineWidthView.swift */ = {isa = PBXFileReference; lastKnownFileType = sourcecode.swift; name = LineWidthView.swift; path = Views/LineWidthView.swift; sourceTree = "<group>"; };
		4A530E562270E65A00013EDB /* LineWidthView.xib */ = {isa = PBXFileReference; lastKnownFileType = file.xib; name = LineWidthView.xib; path = Views/LineWidthView.xib; sourceTree = "<group>"; };
		4A64E130225642FC00CE7A89 /* CameraView.swift */ = {isa = PBXFileReference; lastKnownFileType = sourcecode.swift; name = CameraView.swift; path = Views/CameraView.swift; sourceTree = "<group>"; };
		4A6C5ED32266309A001F98C8 /* DrawerSegue.swift */ = {isa = PBXFileReference; lastKnownFileType = sourcecode.swift; name = DrawerSegue.swift; path = "View Controllers/DrawerSegue.swift"; sourceTree = "<group>"; };
		4A6C5ED52266679C001F98C8 /* DrawerUnwindSegue.swift */ = {isa = PBXFileReference; lastKnownFileType = sourcecode.swift; name = DrawerUnwindSegue.swift; path = "View Controllers/DrawerUnwindSegue.swift"; sourceTree = "<group>"; };
		4A8E48892253A8FC009A373A /* WordBoxFinder.swift */ = {isa = PBXFileReference; lastKnownFileType = sourcecode.swift; name = WordBoxFinder.swift; path = Models/WordBoxFinder.swift; sourceTree = "<group>"; };
		4ADA98D32257D73300683BFC /* RenamePageTableViewController.swift */ = {isa = PBXFileReference; lastKnownFileType = sourcecode.swift; name = RenamePageTableViewController.swift; path = "View Controllers/RenamePageTableViewController.swift"; sourceTree = "<group>"; };
		4ADA98D72259418200683BFC /* ChooseCollectionTableViewController.swift */ = {isa = PBXFileReference; lastKnownFileType = sourcecode.swift; name = ChooseCollectionTableViewController.swift; path = "View Controllers/ChooseCollectionTableViewController.swift"; sourceTree = "<group>"; };
		4ADA98D9225A3D8A00683BFC /* Collection.swift */ = {isa = PBXFileReference; lastKnownFileType = sourcecode.swift; name = Collection.swift; path = Models/Collection.swift; sourceTree = "<group>"; };
		4ADA98DB225A3DDF00683BFC /* Page.swift */ = {isa = PBXFileReference; lastKnownFileType = sourcecode.swift; name = Page.swift; path = Models/Page.swift; sourceTree = "<group>"; };
		4ADA98DD225A468000683BFC /* DataManager.swift */ = {isa = PBXFileReference; lastKnownFileType = sourcecode.swift; name = DataManager.swift; path = Models/DataManager.swift; sourceTree = "<group>"; };
		4ADA98E7225BB48D00683BFC /* TextFieldTableViewCell.swift */ = {isa = PBXFileReference; lastKnownFileType = sourcecode.swift; name = TextFieldTableViewCell.swift; path = Views/TextFieldTableViewCell.swift; sourceTree = "<group>"; };
		4ADA98E8225BB48D00683BFC /* TextFieldTableViewCell.xib */ = {isa = PBXFileReference; lastKnownFileType = file.xib; name = TextFieldTableViewCell.xib; path = Views/TextFieldTableViewCell.xib; sourceTree = "<group>"; };
		4AF9D7D4225E6C0200DB42D3 /* DrawerViewController.swift */ = {isa = PBXFileReference; fileEncoding = 4; lastKnownFileType = sourcecode.swift; name = DrawerViewController.swift; path = "View Controllers/DrawerViewController.swift"; sourceTree = "<group>"; };
		4AF9D7D6225E6F6200DB42D3 /* DrawerTableViewCell.swift */ = {isa = PBXFileReference; lastKnownFileType = sourcecode.swift; name = DrawerTableViewCell.swift; path = Views/DrawerTableViewCell.swift; sourceTree = "<group>"; };
		4AF9D7D7225E6F6200DB42D3 /* DrawerTableViewCell.xib */ = {isa = PBXFileReference; lastKnownFileType = file.xib; name = DrawerTableViewCell.xib; path = Views/DrawerTableViewCell.xib; sourceTree = "<group>"; };
		4AF9D7E2225FC65500DB42D3 /* Notification+Name.swift */ = {isa = PBXFileReference; lastKnownFileType = sourcecode.swift; name = "Notification+Name.swift"; path = "Models/Notification+Name.swift"; sourceTree = "<group>"; };
		4AF9D7E42260045500DB42D3 /* DrawerDetailViewController.swift */ = {isa = PBXFileReference; lastKnownFileType = sourcecode.swift; name = DrawerDetailViewController.swift; path = "View Controllers/DrawerDetailViewController.swift"; sourceTree = "<group>"; };
		4AFA7FFC225549A6006BA409 /* CameraViewController.swift */ = {isa = PBXFileReference; lastKnownFileType = sourcecode.swift; name = CameraViewController.swift; path = "View Controllers/CameraViewController.swift"; sourceTree = "<group>"; };
		51EF382678D93F14C0CF76FD /* Pods-LunarReaderTests.debug.xcconfig */ = {isa = PBXFileReference; includeInIndex = 1; lastKnownFileType = text.xcconfig; name = "Pods-LunarReaderTests.debug.xcconfig"; path = "Target Support Files/Pods-LunarReaderTests/Pods-LunarReaderTests.debug.xcconfig"; sourceTree = "<group>"; };
		59A8CFCFB3725B2220C140D9 /* Pods-LunarReaderUITests.debug.xcconfig */ = {isa = PBXFileReference; includeInIndex = 1; lastKnownFileType = text.xcconfig; name = "Pods-LunarReaderUITests.debug.xcconfig"; path = "Target Support Files/Pods-LunarReaderUITests/Pods-LunarReaderUITests.debug.xcconfig"; sourceTree = "<group>"; };
		5AE7EA485EE7EED5A3CEE560 /* Pods_LunarReader.framework */ = {isa = PBXFileReference; explicitFileType = wrapper.framework; includeInIndex = 0; path = Pods_LunarReader.framework; sourceTree = BUILT_PRODUCTS_DIR; };
		CD86EAF3ABA29D82D032A6D1 /* Pods-LunarReader.debug.xcconfig */ = {isa = PBXFileReference; includeInIndex = 1; lastKnownFileType = text.xcconfig; name = "Pods-LunarReader.debug.xcconfig"; path = "Target Support Files/Pods-LunarReader/Pods-LunarReader.debug.xcconfig"; sourceTree = "<group>"; };
		F8D6A47195B043F6CAF8A347 /* Pods-LunarReaderUITests.release.xcconfig */ = {isa = PBXFileReference; includeInIndex = 1; lastKnownFileType = text.xcconfig; name = "Pods-LunarReaderUITests.release.xcconfig"; path = "Target Support Files/Pods-LunarReaderUITests/Pods-LunarReaderUITests.release.xcconfig"; sourceTree = "<group>"; };
		FC43472C82DE42313A1180E4 /* Pods-LunarReaderTests.release.xcconfig */ = {isa = PBXFileReference; includeInIndex = 1; lastKnownFileType = text.xcconfig; name = "Pods-LunarReaderTests.release.xcconfig"; path = "Target Support Files/Pods-LunarReaderTests/Pods-LunarReaderTests.release.xcconfig"; sourceTree = "<group>"; };
/* End PBXFileReference section */

/* Begin PBXFrameworksBuildPhase section */
		4A4F77452252B1310046C393 /* Frameworks */ = {
			isa = PBXFrameworksBuildPhase;
			buildActionMask = 2147483647;
			files = (
				8B50141ED83ACDAFEA60BC41 /* Pods_LunarReader.framework in Frameworks */,
			);
			runOnlyForDeploymentPostprocessing = 0;
		};
		4A4F77592252B1330046C393 /* Frameworks */ = {
			isa = PBXFrameworksBuildPhase;
			buildActionMask = 2147483647;
			files = (
				A1BFFAC932C47A6E1D876451 /* Pods_LunarReaderTests.framework in Frameworks */,
			);
			runOnlyForDeploymentPostprocessing = 0;
		};
		4A4F77642252B1330046C393 /* Frameworks */ = {
			isa = PBXFrameworksBuildPhase;
			buildActionMask = 2147483647;
			files = (
				620CB6BB9397DBADA275486E /* Pods_LunarReaderUITests.framework in Frameworks */,
			);
			runOnlyForDeploymentPostprocessing = 0;
		};
/* End PBXFrameworksBuildPhase section */

/* Begin PBXGroup section */
		4A4F773F2252B1310046C393 = {
			isa = PBXGroup;
			children = (
				4A4F774A2252B1320046C393 /* LunarReader */,
				4A4F775F2252B1330046C393 /* LunarReaderTests */,
				4A4F776A2252B1330046C393 /* LunarReaderUITests */,
				4A4F77492252B1320046C393 /* Products */,
				6D902B54F72BB60241EE7647 /* Pods */,
				EDEC61790FD614621F852566 /* Frameworks */,
			);
			sourceTree = "<group>";
		};
		4A4F77492252B1320046C393 /* Products */ = {
			isa = PBXGroup;
			children = (
				4A4F77482252B1320046C393 /* LunarReader.app */,
				4A4F775C2252B1330046C393 /* LunarReaderTests.xctest */,
				4A4F77672252B1330046C393 /* LunarReaderUITests.xctest */,
			);
			name = Products;
			sourceTree = "<group>";
		};
		4A4F774A2252B1320046C393 /* LunarReader */ = {
			isa = PBXGroup;
			children = (
				4A4F774B2252B1320046C393 /* AppDelegate.swift */,
				4A4F774F2252B1320046C393 /* Main.storyboard */,
				4A4F77522252B1330046C393 /* Assets.xcassets */,
				4A4F77542252B1330046C393 /* LaunchScreen.storyboard */,
				4A4F77572252B1330046C393 /* Info.plist */,
				4A8E48882253A8CC009A373A /* Models */,
				4A8E488B2253B130009A373A /* Views */,
				4A8E488E2253B8E8009A373A /* View Controllers */,
			);
			path = LunarReader;
			sourceTree = "<group>";
		};
		4A4F775F2252B1330046C393 /* LunarReaderTests */ = {
			isa = PBXGroup;
			children = (
				4A4F77602252B1330046C393 /* LunarReaderTests.swift */,
				4A4F77622252B1330046C393 /* Info.plist */,
			);
			path = LunarReaderTests;
			sourceTree = "<group>";
		};
		4A4F776A2252B1330046C393 /* LunarReaderUITests */ = {
			isa = PBXGroup;
			children = (
				4A4F776B2252B1330046C393 /* LunarReaderUITests.swift */,
				4A4F776D2252B1330046C393 /* Info.plist */,
			);
			path = LunarReaderUITests;
			sourceTree = "<group>";
		};
		4A8E48882253A8CC009A373A /* Models */ = {
			isa = PBXGroup;
			children = (
				4A8E48892253A8FC009A373A /* WordBoxFinder.swift */,
				4ADA98DD225A468000683BFC /* DataManager.swift */,
				4ADA98D9225A3D8A00683BFC /* Collection.swift */,
				4ADA98DB225A3DDF00683BFC /* Page.swift */,
				4AF9D7E2225FC65500DB42D3 /* Notification+Name.swift */,
			);
			name = Models;
			sourceTree = "<group>";
		};
		4A8E488B2253B130009A373A /* Views */ = {
			isa = PBXGroup;
			children = (
				4A340C652253FECB0043E69D /* WordBoxImageView.swift */,
				4A64E130225642FC00CE7A89 /* CameraView.swift */,
				4ADA98E7225BB48D00683BFC /* TextFieldTableViewCell.swift */,
				4ADA98E8225BB48D00683BFC /* TextFieldTableViewCell.xib */,
				4AF9D7D6225E6F6200DB42D3 /* DrawerTableViewCell.swift */,
				4AF9D7D7225E6F6200DB42D3 /* DrawerTableViewCell.xib */,
				4A530E522270E45300013EDB /* LineWidthView.swift */,
				4A530E562270E65A00013EDB /* LineWidthView.xib */,
				4A42302D2271054F00B36D1A /* ColorPickerView.swift */,
				4A42302F2271055F00B36D1A /* ColorPickerView.xib */,
				4A423031227201AE00B36D1A /* RotationSliderView.swift */,
				4A423033227201BB00B36D1A /* RotationSliderView.xib */,
			);
			name = Views;
			sourceTree = "<group>";
		};
		4A8E488E2253B8E8009A373A /* View Controllers */ = {
			isa = PBXGroup;
			children = (
				4AFA7FFC225549A6006BA409 /* CameraViewController.swift */,
				4A530E46226E49DB00013EDB /* DrawerNavigationController.swift */,
				4AF9D7D4225E6C0200DB42D3 /* DrawerViewController.swift */,
				4AF9D7E42260045500DB42D3 /* DrawerDetailViewController.swift */,
				4A530E48226F8ADB00013EDB /* ReaderViewController.swift */,
				4A47BD7A2256E7AA008D4342 /* NewPageTableViewController.swift */,
				4ADA98D32257D73300683BFC /* RenamePageTableViewController.swift */,
				4ADA98D72259418200683BFC /* ChooseCollectionTableViewController.swift */,
				4A6C5ED32266309A001F98C8 /* DrawerSegue.swift */,
				4A6C5ED52266679C001F98C8 /* DrawerUnwindSegue.swift */,
			);
			name = "View Controllers";
			sourceTree = "<group>";
		};
		6D902B54F72BB60241EE7647 /* Pods */ = {
			isa = PBXGroup;
			children = (
				CD86EAF3ABA29D82D032A6D1 /* Pods-LunarReader.debug.xcconfig */,
				3BAC8F131ECFAF3322478AFA /* Pods-LunarReader.release.xcconfig */,
				51EF382678D93F14C0CF76FD /* Pods-LunarReaderTests.debug.xcconfig */,
				FC43472C82DE42313A1180E4 /* Pods-LunarReaderTests.release.xcconfig */,
				59A8CFCFB3725B2220C140D9 /* Pods-LunarReaderUITests.debug.xcconfig */,
				F8D6A47195B043F6CAF8A347 /* Pods-LunarReaderUITests.release.xcconfig */,
			);
			path = Pods;
			sourceTree = "<group>";
		};
		EDEC61790FD614621F852566 /* Frameworks */ = {
			isa = PBXGroup;
			children = (
				5AE7EA485EE7EED5A3CEE560 /* Pods_LunarReader.framework */,
				3B09D576313E81C7455322B7 /* Pods_LunarReaderTests.framework */,
				1C6CD73E3FE372687FE8DC74 /* Pods_LunarReaderUITests.framework */,
			);
			name = Frameworks;
			sourceTree = "<group>";
		};
/* End PBXGroup section */

/* Begin PBXNativeTarget section */
		4A4F77472252B1310046C393 /* LunarReader */ = {
			isa = PBXNativeTarget;
			buildConfigurationList = 4A4F77702252B1330046C393 /* Build configuration list for PBXNativeTarget "LunarReader" */;
			buildPhases = (
				198D421CA598BDB5AA0BFE06 /* [CP] Check Pods Manifest.lock */,
				4A4F77442252B1310046C393 /* Sources */,
				4A4F77452252B1310046C393 /* Frameworks */,
				4A4F77462252B1310046C393 /* Resources */,
				EC238331F300AB09604445E9 /* [CP] Embed Pods Frameworks */,
				4ADA98D62257ED9D00683BFC /* Increment Build Number */,
			);
			buildRules = (
			);
			dependencies = (
			);
			name = LunarReader;
			productName = LunarReader;
			productReference = 4A4F77482252B1320046C393 /* LunarReader.app */;
			productType = "com.apple.product-type.application";
		};
		4A4F775B2252B1330046C393 /* LunarReaderTests */ = {
			isa = PBXNativeTarget;
			buildConfigurationList = 4A4F77732252B1330046C393 /* Build configuration list for PBXNativeTarget "LunarReaderTests" */;
			buildPhases = (
				8F66E9E9FE842664CB9A673D /* [CP] Check Pods Manifest.lock */,
				4A4F77582252B1330046C393 /* Sources */,
				4A4F77592252B1330046C393 /* Frameworks */,
				4A4F775A2252B1330046C393 /* Resources */,
			);
			buildRules = (
			);
			dependencies = (
				4A4F775E2252B1330046C393 /* PBXTargetDependency */,
			);
			name = LunarReaderTests;
			productName = LunarReaderTests;
			productReference = 4A4F775C2252B1330046C393 /* LunarReaderTests.xctest */;
			productType = "com.apple.product-type.bundle.unit-test";
		};
		4A4F77662252B1330046C393 /* LunarReaderUITests */ = {
			isa = PBXNativeTarget;
			buildConfigurationList = 4A4F77762252B1330046C393 /* Build configuration list for PBXNativeTarget "LunarReaderUITests" */;
			buildPhases = (
				255B46D0E016B7FE42FB8181 /* [CP] Check Pods Manifest.lock */,
				4A4F77632252B1330046C393 /* Sources */,
				4A4F77642252B1330046C393 /* Frameworks */,
				4A4F77652252B1330046C393 /* Resources */,
			);
			buildRules = (
			);
			dependencies = (
				4A4F77692252B1330046C393 /* PBXTargetDependency */,
			);
			name = LunarReaderUITests;
			productName = LunarReaderUITests;
			productReference = 4A4F77672252B1330046C393 /* LunarReaderUITests.xctest */;
			productType = "com.apple.product-type.bundle.ui-testing";
		};
/* End PBXNativeTarget section */

/* Begin PBXProject section */
		4A4F77402252B1310046C393 /* Project object */ = {
			isa = PBXProject;
			attributes = {
				LastSwiftUpdateCheck = 1020;
				LastUpgradeCheck = 1020;
				ORGANIZATIONNAME = "Satyam Ghodasara";
				TargetAttributes = {
					4A4F77472252B1310046C393 = {
						CreatedOnToolsVersion = 10.2;
					};
					4A4F775B2252B1330046C393 = {
						CreatedOnToolsVersion = 10.2;
						TestTargetID = 4A4F77472252B1310046C393;
					};
					4A4F77662252B1330046C393 = {
						CreatedOnToolsVersion = 10.2;
						TestTargetID = 4A4F77472252B1310046C393;
					};
				};
			};
			buildConfigurationList = 4A4F77432252B1310046C393 /* Build configuration list for PBXProject "LunarReader" */;
			compatibilityVersion = "Xcode 9.3";
			developmentRegion = en;
			hasScannedForEncodings = 0;
			knownRegions = (
				en,
				Base,
			);
			mainGroup = 4A4F773F2252B1310046C393;
			productRefGroup = 4A4F77492252B1320046C393 /* Products */;
			projectDirPath = "";
			projectRoot = "";
			targets = (
				4A4F77472252B1310046C393 /* LunarReader */,
				4A4F775B2252B1330046C393 /* LunarReaderTests */,
				4A4F77662252B1330046C393 /* LunarReaderUITests */,
			);
		};
/* End PBXProject section */

/* Begin PBXResourcesBuildPhase section */
		4A4F77462252B1310046C393 /* Resources */ = {
			isa = PBXResourcesBuildPhase;
			buildActionMask = 2147483647;
			files = (
				4A4F77562252B1330046C393 /* LaunchScreen.storyboard in Resources */,
				4A4F77532252B1330046C393 /* Assets.xcassets in Resources */,
				4AF9D7D9225E6F6200DB42D3 /* DrawerTableViewCell.xib in Resources */,
				4A530E572270E65A00013EDB /* LineWidthView.xib in Resources */,
				4A4F77512252B1320046C393 /* Main.storyboard in Resources */,
				4A423034227201BB00B36D1A /* RotationSliderView.xib in Resources */,
				4A4230302271055F00B36D1A /* ColorPickerView.xib in Resources */,
				4ADA98EA225BB48D00683BFC /* TextFieldTableViewCell.xib in Resources */,
			);
			runOnlyForDeploymentPostprocessing = 0;
		};
		4A4F775A2252B1330046C393 /* Resources */ = {
			isa = PBXResourcesBuildPhase;
			buildActionMask = 2147483647;
			files = (
			);
			runOnlyForDeploymentPostprocessing = 0;
		};
		4A4F77652252B1330046C393 /* Resources */ = {
			isa = PBXResourcesBuildPhase;
			buildActionMask = 2147483647;
			files = (
			);
			runOnlyForDeploymentPostprocessing = 0;
		};
/* End PBXResourcesBuildPhase section */

/* Begin PBXShellScriptBuildPhase section */
		198D421CA598BDB5AA0BFE06 /* [CP] Check Pods Manifest.lock */ = {
			isa = PBXShellScriptBuildPhase;
			buildActionMask = 2147483647;
			files = (
			);
			inputFileListPaths = (
			);
			inputPaths = (
				"${PODS_PODFILE_DIR_PATH}/Podfile.lock",
				"${PODS_ROOT}/Manifest.lock",
			);
			name = "[CP] Check Pods Manifest.lock";
			outputFileListPaths = (
			);
			outputPaths = (
				"$(DERIVED_FILE_DIR)/Pods-LunarReader-checkManifestLockResult.txt",
			);
			runOnlyForDeploymentPostprocessing = 0;
			shellPath = /bin/sh;
			shellScript = "diff \"${PODS_PODFILE_DIR_PATH}/Podfile.lock\" \"${PODS_ROOT}/Manifest.lock\" > /dev/null\nif [ $? != 0 ] ; then\n    # print error to STDERR\n    echo \"error: The sandbox is not in sync with the Podfile.lock. Run 'pod install' or update your CocoaPods installation.\" >&2\n    exit 1\nfi\n# This output is used by Xcode 'outputs' to avoid re-running this script phase.\necho \"SUCCESS\" > \"${SCRIPT_OUTPUT_FILE_0}\"\n";
			showEnvVarsInLog = 0;
		};
		255B46D0E016B7FE42FB8181 /* [CP] Check Pods Manifest.lock */ = {
			isa = PBXShellScriptBuildPhase;
			buildActionMask = 2147483647;
			files = (
			);
			inputFileListPaths = (
			);
			inputPaths = (
				"${PODS_PODFILE_DIR_PATH}/Podfile.lock",
				"${PODS_ROOT}/Manifest.lock",
			);
			name = "[CP] Check Pods Manifest.lock";
			outputFileListPaths = (
			);
			outputPaths = (
				"$(DERIVED_FILE_DIR)/Pods-LunarReaderUITests-checkManifestLockResult.txt",
			);
			runOnlyForDeploymentPostprocessing = 0;
			shellPath = /bin/sh;
			shellScript = "diff \"${PODS_PODFILE_DIR_PATH}/Podfile.lock\" \"${PODS_ROOT}/Manifest.lock\" > /dev/null\nif [ $? != 0 ] ; then\n    # print error to STDERR\n    echo \"error: The sandbox is not in sync with the Podfile.lock. Run 'pod install' or update your CocoaPods installation.\" >&2\n    exit 1\nfi\n# This output is used by Xcode 'outputs' to avoid re-running this script phase.\necho \"SUCCESS\" > \"${SCRIPT_OUTPUT_FILE_0}\"\n";
			showEnvVarsInLog = 0;
		};
		4ADA98D62257ED9D00683BFC /* Increment Build Number */ = {
			isa = PBXShellScriptBuildPhase;
			buildActionMask = 2147483647;
			files = (
			);
			inputFileListPaths = (
			);
			inputPaths = (
			);
			name = "Increment Build Number";
			outputFileListPaths = (
			);
			outputPaths = (
			);
			runOnlyForDeploymentPostprocessing = 0;
			shellPath = /bin/sh;
			shellScript = "# do not assign the new build number if there is no changes\nDIFF=`git diff`\nif [[ $DIFF == \"\" ]]; then exit 0; fi\n\n# path to the property list where the version number should be changed\nPLIST=\"${PROJECT_DIR}/${INFOPLIST_FILE}\"\n\n# the latest tag that will be used as a short version number\nVERSION_NUMBER=`git describe | awk '{ split($0, a, \"-\"); print a[1] }'`\n\n# the number of commits in repository to be used for the build number\nNUMBER_OF_COMMITS=`git rev-list HEAD --count`\n\n# a future build number should consider its own commit\nBUILD_NUMBER=$((NUMBER_OF_COMMITS+1))\n\n/usr/libexec/PlistBuddy -c \"Set CFBundleShortVersionString $VERSION_NUMBER\" \"${PLIST}\"\n/usr/libexec/PlistBuddy -c \"Set CFBundleVersion $BUILD_NUMBER\" \"${PLIST}\"\n";
		};
		8F66E9E9FE842664CB9A673D /* [CP] Check Pods Manifest.lock */ = {
			isa = PBXShellScriptBuildPhase;
			buildActionMask = 2147483647;
			files = (
			);
			inputFileListPaths = (
			);
			inputPaths = (
				"${PODS_PODFILE_DIR_PATH}/Podfile.lock",
				"${PODS_ROOT}/Manifest.lock",
			);
			name = "[CP] Check Pods Manifest.lock";
			outputFileListPaths = (
			);
			outputPaths = (
				"$(DERIVED_FILE_DIR)/Pods-LunarReaderTests-checkManifestLockResult.txt",
			);
			runOnlyForDeploymentPostprocessing = 0;
			shellPath = /bin/sh;
			shellScript = "diff \"${PODS_PODFILE_DIR_PATH}/Podfile.lock\" \"${PODS_ROOT}/Manifest.lock\" > /dev/null\nif [ $? != 0 ] ; then\n    # print error to STDERR\n    echo \"error: The sandbox is not in sync with the Podfile.lock. Run 'pod install' or update your CocoaPods installation.\" >&2\n    exit 1\nfi\n# This output is used by Xcode 'outputs' to avoid re-running this script phase.\necho \"SUCCESS\" > \"${SCRIPT_OUTPUT_FILE_0}\"\n";
			showEnvVarsInLog = 0;
		};
		EC238331F300AB09604445E9 /* [CP] Embed Pods Frameworks */ = {
			isa = PBXShellScriptBuildPhase;
			buildActionMask = 2147483647;
			files = (
			);
			inputFileListPaths = (
				"${PODS_ROOT}/Target Support Files/Pods-LunarReader/Pods-LunarReader-frameworks-${CONFIGURATION}-input-files.xcfilelist",
			);
			name = "[CP] Embed Pods Frameworks";
			outputFileListPaths = (
				"${PODS_ROOT}/Target Support Files/Pods-LunarReader/Pods-LunarReader-frameworks-${CONFIGURATION}-output-files.xcfilelist",
			);
			runOnlyForDeploymentPostprocessing = 0;
			shellPath = /bin/sh;
			shellScript = "\"${PODS_ROOT}/Target Support Files/Pods-LunarReader/Pods-LunarReader-frameworks.sh\"\n";
			showEnvVarsInLog = 0;
		};
/* End PBXShellScriptBuildPhase section */

/* Begin PBXSourcesBuildPhase section */
		4A4F77442252B1310046C393 /* Sources */ = {
			isa = PBXSourcesBuildPhase;
			buildActionMask = 2147483647;
			files = (
				4ADA98DA225A3D8A00683BFC /* Collection.swift in Sources */,
				4ADA98D82259418200683BFC /* ChooseCollectionTableViewController.swift in Sources */,
				4A6C5ED62266679C001F98C8 /* DrawerUnwindSegue.swift in Sources */,
				4A530E532270E45300013EDB /* LineWidthView.swift in Sources */,
				4AF9D7E3225FC65500DB42D3 /* Notification+Name.swift in Sources */,
				4A340C662253FECB0043E69D /* WordBoxImageView.swift in Sources */,
				4ADA98E9225BB48D00683BFC /* TextFieldTableViewCell.swift in Sources */,
				4AFA7FFD225549A6006BA409 /* CameraViewController.swift in Sources */,
				4ADA98DC225A3DDF00683BFC /* Page.swift in Sources */,
				4ADA98D42257D73300683BFC /* RenamePageTableViewController.swift in Sources */,
				4A64E131225642FC00CE7A89 /* CameraView.swift in Sources */,
				4A8E488A2253A8FC009A373A /* WordBoxFinder.swift in Sources */,
				4ADA98DE225A468000683BFC /* DataManager.swift in Sources */,
				4AF9D7D8225E6F6200DB42D3 /* DrawerTableViewCell.swift in Sources */,
				4AF9D7D5225E6C0300DB42D3 /* DrawerViewController.swift in Sources */,
				4A42302E2271054F00B36D1A /* ColorPickerView.swift in Sources */,
				4A4F774C2252B1320046C393 /* AppDelegate.swift in Sources */,
				4A530E49226F8ADB00013EDB /* ReaderViewController.swift in Sources */,
				4A530E47226E49DB00013EDB /* DrawerNavigationController.swift in Sources */,
				4A47BD7B2256E7AA008D4342 /* NewPageTableViewController.swift in Sources */,
				4A423032227201AF00B36D1A /* RotationSliderView.swift in Sources */,
				4A6C5ED42266309A001F98C8 /* DrawerSegue.swift in Sources */,
				4AF9D7E52260045500DB42D3 /* DrawerDetailViewController.swift in Sources */,
			);
			runOnlyForDeploymentPostprocessing = 0;
		};
		4A4F77582252B1330046C393 /* Sources */ = {
			isa = PBXSourcesBuildPhase;
			buildActionMask = 2147483647;
			files = (
				4A4F77612252B1330046C393 /* LunarReaderTests.swift in Sources */,
			);
			runOnlyForDeploymentPostprocessing = 0;
		};
		4A4F77632252B1330046C393 /* Sources */ = {
			isa = PBXSourcesBuildPhase;
			buildActionMask = 2147483647;
			files = (
				4A4F776C2252B1330046C393 /* LunarReaderUITests.swift in Sources */,
			);
			runOnlyForDeploymentPostprocessing = 0;
		};
/* End PBXSourcesBuildPhase section */

/* Begin PBXTargetDependency section */
		4A4F775E2252B1330046C393 /* PBXTargetDependency */ = {
			isa = PBXTargetDependency;
			target = 4A4F77472252B1310046C393 /* LunarReader */;
			targetProxy = 4A4F775D2252B1330046C393 /* PBXContainerItemProxy */;
		};
		4A4F77692252B1330046C393 /* PBXTargetDependency */ = {
			isa = PBXTargetDependency;
			target = 4A4F77472252B1310046C393 /* LunarReader */;
			targetProxy = 4A4F77682252B1330046C393 /* PBXContainerItemProxy */;
		};
/* End PBXTargetDependency section */

/* Begin PBXVariantGroup section */
		4A4F774F2252B1320046C393 /* Main.storyboard */ = {
			isa = PBXVariantGroup;
			children = (
				4A4F77502252B1320046C393 /* Base */,
			);
			name = Main.storyboard;
			sourceTree = "<group>";
		};
		4A4F77542252B1330046C393 /* LaunchScreen.storyboard */ = {
			isa = PBXVariantGroup;
			children = (
				4A4F77552252B1330046C393 /* Base */,
			);
			name = LaunchScreen.storyboard;
			sourceTree = "<group>";
		};
/* End PBXVariantGroup section */

/* Begin XCBuildConfiguration section */
		4A4F776E2252B1330046C393 /* Debug */ = {
			isa = XCBuildConfiguration;
			buildSettings = {
				ALWAYS_SEARCH_USER_PATHS = NO;
				CLANG_ANALYZER_NONNULL = YES;
				CLANG_ANALYZER_NUMBER_OBJECT_CONVERSION = YES_AGGRESSIVE;
				CLANG_CXX_LANGUAGE_STANDARD = "gnu++14";
				CLANG_CXX_LIBRARY = "libc++";
				CLANG_ENABLE_MODULES = YES;
				CLANG_ENABLE_OBJC_ARC = YES;
				CLANG_ENABLE_OBJC_WEAK = YES;
				CLANG_WARN_BLOCK_CAPTURE_AUTORELEASING = YES;
				CLANG_WARN_BOOL_CONVERSION = YES;
				CLANG_WARN_COMMA = YES;
				CLANG_WARN_CONSTANT_CONVERSION = YES;
				CLANG_WARN_DEPRECATED_OBJC_IMPLEMENTATIONS = YES;
				CLANG_WARN_DIRECT_OBJC_ISA_USAGE = YES_ERROR;
				CLANG_WARN_DOCUMENTATION_COMMENTS = YES;
				CLANG_WARN_EMPTY_BODY = YES;
				CLANG_WARN_ENUM_CONVERSION = YES;
				CLANG_WARN_INFINITE_RECURSION = YES;
				CLANG_WARN_INT_CONVERSION = YES;
				CLANG_WARN_NON_LITERAL_NULL_CONVERSION = YES;
				CLANG_WARN_OBJC_IMPLICIT_RETAIN_SELF = YES;
				CLANG_WARN_OBJC_LITERAL_CONVERSION = YES;
				CLANG_WARN_OBJC_ROOT_CLASS = YES_ERROR;
				CLANG_WARN_RANGE_LOOP_ANALYSIS = YES;
				CLANG_WARN_STRICT_PROTOTYPES = YES;
				CLANG_WARN_SUSPICIOUS_MOVE = YES;
				CLANG_WARN_UNGUARDED_AVAILABILITY = YES_AGGRESSIVE;
				CLANG_WARN_UNREACHABLE_CODE = YES;
				CLANG_WARN__DUPLICATE_METHOD_MATCH = YES;
				CODE_SIGN_IDENTITY = "iPhone Developer";
				COPY_PHASE_STRIP = NO;
				DEBUG_INFORMATION_FORMAT = dwarf;
				ENABLE_STRICT_OBJC_MSGSEND = YES;
				ENABLE_TESTABILITY = YES;
				GCC_C_LANGUAGE_STANDARD = gnu11;
				GCC_DYNAMIC_NO_PIC = NO;
				GCC_NO_COMMON_BLOCKS = YES;
				GCC_OPTIMIZATION_LEVEL = 0;
				GCC_PREPROCESSOR_DEFINITIONS = (
					"DEBUG=1",
					"$(inherited)",
				);
				GCC_WARN_64_TO_32_BIT_CONVERSION = YES;
				GCC_WARN_ABOUT_RETURN_TYPE = YES_ERROR;
				GCC_WARN_UNDECLARED_SELECTOR = YES;
				GCC_WARN_UNINITIALIZED_AUTOS = YES_AGGRESSIVE;
				GCC_WARN_UNUSED_FUNCTION = YES;
				GCC_WARN_UNUSED_VARIABLE = YES;
				IPHONEOS_DEPLOYMENT_TARGET = 12.2;
				MTL_ENABLE_DEBUG_INFO = INCLUDE_SOURCE;
				MTL_FAST_MATH = YES;
				ONLY_ACTIVE_ARCH = YES;
				SDKROOT = iphoneos;
				SWIFT_ACTIVE_COMPILATION_CONDITIONS = DEBUG;
				SWIFT_OPTIMIZATION_LEVEL = "-Onone";
			};
			name = Debug;
		};
		4A4F776F2252B1330046C393 /* Release */ = {
			isa = XCBuildConfiguration;
			buildSettings = {
				ALWAYS_SEARCH_USER_PATHS = NO;
				CLANG_ANALYZER_NONNULL = YES;
				CLANG_ANALYZER_NUMBER_OBJECT_CONVERSION = YES_AGGRESSIVE;
				CLANG_CXX_LANGUAGE_STANDARD = "gnu++14";
				CLANG_CXX_LIBRARY = "libc++";
				CLANG_ENABLE_MODULES = YES;
				CLANG_ENABLE_OBJC_ARC = YES;
				CLANG_ENABLE_OBJC_WEAK = YES;
				CLANG_WARN_BLOCK_CAPTURE_AUTORELEASING = YES;
				CLANG_WARN_BOOL_CONVERSION = YES;
				CLANG_WARN_COMMA = YES;
				CLANG_WARN_CONSTANT_CONVERSION = YES;
				CLANG_WARN_DEPRECATED_OBJC_IMPLEMENTATIONS = YES;
				CLANG_WARN_DIRECT_OBJC_ISA_USAGE = YES_ERROR;
				CLANG_WARN_DOCUMENTATION_COMMENTS = YES;
				CLANG_WARN_EMPTY_BODY = YES;
				CLANG_WARN_ENUM_CONVERSION = YES;
				CLANG_WARN_INFINITE_RECURSION = YES;
				CLANG_WARN_INT_CONVERSION = YES;
				CLANG_WARN_NON_LITERAL_NULL_CONVERSION = YES;
				CLANG_WARN_OBJC_IMPLICIT_RETAIN_SELF = YES;
				CLANG_WARN_OBJC_LITERAL_CONVERSION = YES;
				CLANG_WARN_OBJC_ROOT_CLASS = YES_ERROR;
				CLANG_WARN_RANGE_LOOP_ANALYSIS = YES;
				CLANG_WARN_STRICT_PROTOTYPES = YES;
				CLANG_WARN_SUSPICIOUS_MOVE = YES;
				CLANG_WARN_UNGUARDED_AVAILABILITY = YES_AGGRESSIVE;
				CLANG_WARN_UNREACHABLE_CODE = YES;
				CLANG_WARN__DUPLICATE_METHOD_MATCH = YES;
				CODE_SIGN_IDENTITY = "iPhone Developer";
				COPY_PHASE_STRIP = NO;
				DEBUG_INFORMATION_FORMAT = "dwarf-with-dsym";
				ENABLE_NS_ASSERTIONS = NO;
				ENABLE_STRICT_OBJC_MSGSEND = YES;
				GCC_C_LANGUAGE_STANDARD = gnu11;
				GCC_NO_COMMON_BLOCKS = YES;
				GCC_WARN_64_TO_32_BIT_CONVERSION = YES;
				GCC_WARN_ABOUT_RETURN_TYPE = YES_ERROR;
				GCC_WARN_UNDECLARED_SELECTOR = YES;
				GCC_WARN_UNINITIALIZED_AUTOS = YES_AGGRESSIVE;
				GCC_WARN_UNUSED_FUNCTION = YES;
				GCC_WARN_UNUSED_VARIABLE = YES;
				IPHONEOS_DEPLOYMENT_TARGET = 12.2;
				MTL_ENABLE_DEBUG_INFO = NO;
				MTL_FAST_MATH = YES;
				SDKROOT = iphoneos;
				SWIFT_COMPILATION_MODE = wholemodule;
				SWIFT_OPTIMIZATION_LEVEL = "-O";
				VALIDATE_PRODUCT = YES;
			};
			name = Release;
		};
		4A4F77712252B1330046C393 /* Debug */ = {
			isa = XCBuildConfiguration;
			baseConfigurationReference = CD86EAF3ABA29D82D032A6D1 /* Pods-LunarReader.debug.xcconfig */;
			buildSettings = {
				ASSETCATALOG_COMPILER_APPICON_NAME = AppIcon;
				CODE_SIGN_IDENTITY = "iPhone Developer";
				CODE_SIGN_STYLE = Automatic;
				DEVELOPMENT_TEAM = 76333YNXLE;
				FRAMEWORK_SEARCH_PATHS = "$(inherited)";
				INFOPLIST_FILE = LunarReader/Info.plist;
				LD_RUNPATH_SEARCH_PATHS = (
					"$(inherited)",
					"@executable_path/Frameworks",
				);
				PRODUCT_BUNDLE_IDENTIFIER = io.Satyam.LunarReader;
				PRODUCT_NAME = "$(TARGET_NAME)";
				PROVISIONING_PROFILE_SPECIFIER = "";
				SWIFT_VERSION = 5.0;
				TARGETED_DEVICE_FAMILY = 1;
			};
			name = Debug;
		};
		4A4F77722252B1330046C393 /* Release */ = {
			isa = XCBuildConfiguration;
			baseConfigurationReference = 3BAC8F131ECFAF3322478AFA /* Pods-LunarReader.release.xcconfig */;
			buildSettings = {
				ASSETCATALOG_COMPILER_APPICON_NAME = AppIcon;
				CODE_SIGN_IDENTITY = "iPhone Developer";
				CODE_SIGN_STYLE = Automatic;
				DEVELOPMENT_TEAM = 76333YNXLE;
				FRAMEWORK_SEARCH_PATHS = "$(inherited)";
				INFOPLIST_FILE = LunarReader/Info.plist;
				LD_RUNPATH_SEARCH_PATHS = (
					"$(inherited)",
					"@executable_path/Frameworks",
				);
				PRODUCT_BUNDLE_IDENTIFIER = io.Satyam.LunarReader;
				PRODUCT_NAME = "$(TARGET_NAME)";
				PROVISIONING_PROFILE_SPECIFIER = "";
				SWIFT_VERSION = 5.0;
				TARGETED_DEVICE_FAMILY = 1;
			};
			name = Release;
		};
		4A4F77742252B1330046C393 /* Debug */ = {
			isa = XCBuildConfiguration;
			baseConfigurationReference = 51EF382678D93F14C0CF76FD /* Pods-LunarReaderTests.debug.xcconfig */;
			buildSettings = {
				ALWAYS_EMBED_SWIFT_STANDARD_LIBRARIES = YES;
				BUNDLE_LOADER = "$(TEST_HOST)";
				CODE_SIGN_STYLE = Automatic;
				DEVELOPMENT_TEAM = 76333YNXLE;
				INFOPLIST_FILE = LunarReaderTests/Info.plist;
				LD_RUNPATH_SEARCH_PATHS = (
					"$(inherited)",
					"@executable_path/Frameworks",
					"@loader_path/Frameworks",
				);
				PRODUCT_BUNDLE_IDENTIFIER = io.Satyam.LunarReaderTests;
				PRODUCT_NAME = "$(TARGET_NAME)";
				SWIFT_VERSION = 5.0;
				TARGETED_DEVICE_FAMILY = "1,2";
				TEST_HOST = "$(BUILT_PRODUCTS_DIR)/LunarReader.app/LunarReader";
			};
			name = Debug;
		};
		4A4F77752252B1330046C393 /* Release */ = {
			isa = XCBuildConfiguration;
			baseConfigurationReference = FC43472C82DE42313A1180E4 /* Pods-LunarReaderTests.release.xcconfig */;
			buildSettings = {
				ALWAYS_EMBED_SWIFT_STANDARD_LIBRARIES = YES;
				BUNDLE_LOADER = "$(TEST_HOST)";
				CODE_SIGN_STYLE = Automatic;
				DEVELOPMENT_TEAM = 76333YNXLE;
				INFOPLIST_FILE = LunarReaderTests/Info.plist;
				LD_RUNPATH_SEARCH_PATHS = (
					"$(inherited)",
					"@executable_path/Frameworks",
					"@loader_path/Frameworks",
				);
				PRODUCT_BUNDLE_IDENTIFIER = io.Satyam.LunarReaderTests;
				PRODUCT_NAME = "$(TARGET_NAME)";
				SWIFT_VERSION = 5.0;
				TARGETED_DEVICE_FAMILY = "1,2";
				TEST_HOST = "$(BUILT_PRODUCTS_DIR)/LunarReader.app/LunarReader";
			};
			name = Release;
		};
		4A4F77772252B1330046C393 /* Debug */ = {
			isa = XCBuildConfiguration;
			baseConfigurationReference = 59A8CFCFB3725B2220C140D9 /* Pods-LunarReaderUITests.debug.xcconfig */;
			buildSettings = {
				ALWAYS_EMBED_SWIFT_STANDARD_LIBRARIES = YES;
				CODE_SIGN_STYLE = Automatic;
				DEVELOPMENT_TEAM = 76333YNXLE;
				INFOPLIST_FILE = LunarReaderUITests/Info.plist;
				LD_RUNPATH_SEARCH_PATHS = (
					"$(inherited)",
					"@executable_path/Frameworks",
					"@loader_path/Frameworks",
				);
				PRODUCT_BUNDLE_IDENTIFIER = io.Satyam.LunarReaderUITests;
				PRODUCT_NAME = "$(TARGET_NAME)";
				SWIFT_VERSION = 5.0;
				TARGETED_DEVICE_FAMILY = "1,2";
				TEST_TARGET_NAME = LunarReader;
			};
			name = Debug;
		};
		4A4F77782252B1330046C393 /* Release */ = {
			isa = XCBuildConfiguration;
			baseConfigurationReference = F8D6A47195B043F6CAF8A347 /* Pods-LunarReaderUITests.release.xcconfig */;
			buildSettings = {
				ALWAYS_EMBED_SWIFT_STANDARD_LIBRARIES = YES;
				CODE_SIGN_STYLE = Automatic;
				DEVELOPMENT_TEAM = 76333YNXLE;
				INFOPLIST_FILE = LunarReaderUITests/Info.plist;
				LD_RUNPATH_SEARCH_PATHS = (
					"$(inherited)",
					"@executable_path/Frameworks",
					"@loader_path/Frameworks",
				);
				PRODUCT_BUNDLE_IDENTIFIER = io.Satyam.LunarReaderUITests;
				PRODUCT_NAME = "$(TARGET_NAME)";
				SWIFT_VERSION = 5.0;
				TARGETED_DEVICE_FAMILY = "1,2";
				TEST_TARGET_NAME = LunarReader;
			};
			name = Release;
		};
/* End XCBuildConfiguration section */

/* Begin XCConfigurationList section */
		4A4F77432252B1310046C393 /* Build configuration list for PBXProject "LunarReader" */ = {
			isa = XCConfigurationList;
			buildConfigurations = (
				4A4F776E2252B1330046C393 /* Debug */,
				4A4F776F2252B1330046C393 /* Release */,
			);
			defaultConfigurationIsVisible = 0;
			defaultConfigurationName = Release;
		};
		4A4F77702252B1330046C393 /* Build configuration list for PBXNativeTarget "LunarReader" */ = {
			isa = XCConfigurationList;
			buildConfigurations = (
				4A4F77712252B1330046C393 /* Debug */,
				4A4F77722252B1330046C393 /* Release */,
			);
			defaultConfigurationIsVisible = 0;
			defaultConfigurationName = Release;
		};
		4A4F77732252B1330046C393 /* Build configuration list for PBXNativeTarget "LunarReaderTests" */ = {
			isa = XCConfigurationList;
			buildConfigurations = (
				4A4F77742252B1330046C393 /* Debug */,
				4A4F77752252B1330046C393 /* Release */,
			);
			defaultConfigurationIsVisible = 0;
			defaultConfigurationName = Release;
		};
		4A4F77762252B1330046C393 /* Build configuration list for PBXNativeTarget "LunarReaderUITests" */ = {
			isa = XCConfigurationList;
			buildConfigurations = (
				4A4F77772252B1330046C393 /* Debug */,
				4A4F77782252B1330046C393 /* Release */,
			);
			defaultConfigurationIsVisible = 0;
			defaultConfigurationName = Release;
		};
/* End XCConfigurationList section */
	};
	rootObject = 4A4F77402252B1310046C393 /* Project object */;
}
